// !$*UTF8*$!
{
	archiveVersion = 1;
	classes = {
	};
	objectVersion = 50;
	objects = {

/* Begin PBXBuildFile section */
		115A7156243C145F00E6F8A2 /* AppDelegate.m in Sources */ = {isa = PBXBuildFile; fileRef = 115A7155243C145F00E6F8A2 /* AppDelegate.m */; };
		115A7159243C145F00E6F8A2 /* SceneDelegate.m in Sources */ = {isa = PBXBuildFile; fileRef = 115A7158243C145F00E6F8A2 /* SceneDelegate.m */; };
		115A715C243C145F00E6F8A2 /* ViewController.m in Sources */ = {isa = PBXBuildFile; fileRef = 115A715B243C145F00E6F8A2 /* ViewController.m */; };
		115A715F243C145F00E6F8A2 /* Main.storyboard in Resources */ = {isa = PBXBuildFile; fileRef = 115A715D243C145F00E6F8A2 /* Main.storyboard */; };
		115A7161243C146100E6F8A2 /* Assets.xcassets in Resources */ = {isa = PBXBuildFile; fileRef = 115A7160243C146100E6F8A2 /* Assets.xcassets */; };
		115A7164243C146100E6F8A2 /* LaunchScreen.storyboard in Resources */ = {isa = PBXBuildFile; fileRef = 115A7162243C146100E6F8A2 /* LaunchScreen.storyboard */; };
		115A7167243C146100E6F8A2 /* main.m in Sources */ = {isa = PBXBuildFile; fileRef = 115A7166243C146100E6F8A2 /* main.m */; };
		115A7171243C146100E6F8A2 /* CoreTextUsageTests.m in Sources */ = {isa = PBXBuildFile; fileRef = 115A7170243C146100E6F8A2 /* CoreTextUsageTests.m */; };
		115A717C243C146100E6F8A2 /* CoreTextUsageUITests.m in Sources */ = {isa = PBXBuildFile; fileRef = 115A717B243C146100E6F8A2 /* CoreTextUsageUITests.m */; };
/* End PBXBuildFile section */

/* Begin PBXContainerItemProxy section */
		115A716D243C146100E6F8A2 /* PBXContainerItemProxy */ = {
			isa = PBXContainerItemProxy;
			containerPortal = 115A7149243C145F00E6F8A2 /* Project object */;
			proxyType = 1;
			remoteGlobalIDString = 115A7150243C145F00E6F8A2;
			remoteInfo = CoreTextUsage;
		};
		115A7178243C146100E6F8A2 /* PBXContainerItemProxy */ = {
			isa = PBXContainerItemProxy;
			containerPortal = 115A7149243C145F00E6F8A2 /* Project object */;
			proxyType = 1;
			remoteGlobalIDString = 115A7150243C145F00E6F8A2;
			remoteInfo = CoreTextUsage;
		};
/* End PBXContainerItemProxy section */

/* Begin PBXFileReference section */
		115A7151243C145F00E6F8A2 /* CoreTextUsage.app */ = {isa = PBXFileReference; explicitFileType = wrapper.application; includeInIndex = 0; path = CoreTextUsage.app; sourceTree = BUILT_PRODUCTS_DIR; };
		115A7154243C145F00E6F8A2 /* AppDelegate.h */ = {isa = PBXFileReference; lastKnownFileType = sourcecode.c.h; path = AppDelegate.h; sourceTree = "<group>"; };
		115A7155243C145F00E6F8A2 /* AppDelegate.m */ = {isa = PBXFileReference; lastKnownFileType = sourcecode.c.objc; path = AppDelegate.m; sourceTree = "<group>"; };
		115A7157243C145F00E6F8A2 /* SceneDelegate.h */ = {isa = PBXFileReference; lastKnownFileType = sourcecode.c.h; path = SceneDelegate.h; sourceTree = "<group>"; };
		115A7158243C145F00E6F8A2 /* SceneDelegate.m */ = {isa = PBXFileReference; lastKnownFileType = sourcecode.c.objc; path = SceneDelegate.m; sourceTree = "<group>"; };
		115A715A243C145F00E6F8A2 /* ViewController.h */ = {isa = PBXFileReference; lastKnownFileType = sourcecode.c.h; path = ViewController.h; sourceTree = "<group>"; };
		115A715B243C145F00E6F8A2 /* ViewController.m */ = {isa = PBXFileReference; lastKnownFileType = sourcecode.c.objc; path = ViewController.m; sourceTree = "<group>"; };
		115A715E243C145F00E6F8A2 /* Base */ = {isa = PBXFileReference; lastKnownFileType = file.storyboard; name = Base; path = Base.lproj/Main.storyboard; sourceTree = "<group>"; };
		115A7160243C146100E6F8A2 /* Assets.xcassets */ = {isa = PBXFileReference; lastKnownFileType = folder.assetcatalog; path = Assets.xcassets; sourceTree = "<group>"; };
		115A7163243C146100E6F8A2 /* Base */ = {isa = PBXFileReference; lastKnownFileType = file.storyboard; name = Base; path = Base.lproj/LaunchScreen.storyboard; sourceTree = "<group>"; };
		115A7165243C146100E6F8A2 /* Info.plist */ = {isa = PBXFileReference; lastKnownFileType = text.plist.xml; path = Info.plist; sourceTree = "<group>"; };
		115A7166243C146100E6F8A2 /* main.m */ = {isa = PBXFileReference; lastKnownFileType = sourcecode.c.objc; path = main.m; sourceTree = "<group>"; };
		115A716C243C146100E6F8A2 /* CoreTextUsageTests.xctest */ = {isa = PBXFileReference; explicitFileType = wrapper.cfbundle; includeInIndex = 0; path = CoreTextUsageTests.xctest; sourceTree = BUILT_PRODUCTS_DIR; };
		115A7170243C146100E6F8A2 /* CoreTextUsageTests.m */ = {isa = PBXFileReference; lastKnownFileType = sourcecode.c.objc; path = CoreTextUsageTests.m; sourceTree = "<group>"; };
		115A7172243C146100E6F8A2 /* Info.plist */ = {isa = PBXFileReference; lastKnownFileType = text.plist.xml; path = Info.plist; sourceTree = "<group>"; };
		115A7177243C146100E6F8A2 /* CoreTextUsageUITests.xctest */ = {isa = PBXFileReference; explicitFileType = wrapper.cfbundle; includeInIndex = 0; path = CoreTextUsageUITests.xctest; sourceTree = BUILT_PRODUCTS_DIR; };
		115A717B243C146100E6F8A2 /* CoreTextUsageUITests.m */ = {isa = PBXFileReference; lastKnownFileType = sourcecode.c.objc; path = CoreTextUsageUITests.m; sourceTree = "<group>"; };
		115A717D243C146100E6F8A2 /* Info.plist */ = {isa = PBXFileReference; lastKnownFileType = text.plist.xml; path = Info.plist; sourceTree = "<group>"; };
/* End PBXFileReference section */

/* Begin PBXFrameworksBuildPhase section */
		115A714E243C145F00E6F8A2 /* Frameworks */ = {
			isa = PBXFrameworksBuildPhase;
			buildActionMask = 2147483647;
			files = (
			);
			runOnlyForDeploymentPostprocessing = 0;
		};
		115A7169243C146100E6F8A2 /* Frameworks */ = {
			isa = PBXFrameworksBuildPhase;
			buildActionMask = 2147483647;
			files = (
			);
			runOnlyForDeploymentPostprocessing = 0;
		};
		115A7174243C146100E6F8A2 /* Frameworks */ = {
			isa = PBXFrameworksBuildPhase;
			buildActionMask = 2147483647;
			files = (
			);
			runOnlyForDeploymentPostprocessing = 0;
		};
/* End PBXFrameworksBuildPhase section */

/* Begin PBXGroup section */
		115A7148243C145F00E6F8A2 = {
			isa = PBXGroup;
			children = (
				115A7153243C145F00E6F8A2 /* CoreTextUsage */,
				115A716F243C146100E6F8A2 /* CoreTextUsageTests */,
				115A717A243C146100E6F8A2 /* CoreTextUsageUITests */,
				115A7152243C145F00E6F8A2 /* Products */,
			);
			sourceTree = "<group>";
		};
		115A7152243C145F00E6F8A2 /* Products */ = {
			isa = PBXGroup;
			children = (
				115A7151243C145F00E6F8A2 /* CoreTextUsage.app */,
				115A716C243C146100E6F8A2 /* CoreTextUsageTests.xctest */,
				115A7177243C146100E6F8A2 /* CoreTextUsageUITests.xctest */,
			);
			name = Products;
			sourceTree = "<group>";
		};
		115A7153243C145F00E6F8A2 /* CoreTextUsage */ = {
			isa = PBXGroup;
			children = (
				115A7154243C145F00E6F8A2 /* AppDelegate.h */,
				115A7155243C145F00E6F8A2 /* AppDelegate.m */,
				115A7157243C145F00E6F8A2 /* SceneDelegate.h */,
				115A7158243C145F00E6F8A2 /* SceneDelegate.m */,
				115A715A243C145F00E6F8A2 /* ViewController.h */,
				115A715B243C145F00E6F8A2 /* ViewController.m */,
				115A715D243C145F00E6F8A2 /* Main.storyboard */,
				115A7160243C146100E6F8A2 /* Assets.xcassets */,
				115A7162243C146100E6F8A2 /* LaunchScreen.storyboard */,
				115A7165243C146100E6F8A2 /* Info.plist */,
				115A7166243C146100E6F8A2 /* main.m */,
			);
			path = CoreTextUsage;
			sourceTree = "<group>";
		};
		115A716F243C146100E6F8A2 /* CoreTextUsageTests */ = {
			isa = PBXGroup;
			children = (
				115A7170243C146100E6F8A2 /* CoreTextUsageTests.m */,
				115A7172243C146100E6F8A2 /* Info.plist */,
			);
			path = CoreTextUsageTests;
			sourceTree = "<group>";
		};
		115A717A243C146100E6F8A2 /* CoreTextUsageUITests */ = {
			isa = PBXGroup;
			children = (
				115A717B243C146100E6F8A2 /* CoreTextUsageUITests.m */,
				115A717D243C146100E6F8A2 /* Info.plist */,
			);
			path = CoreTextUsageUITests;
			sourceTree = "<group>";
		};
/* End PBXGroup section */

/* Begin PBXNativeTarget section */
		115A7150243C145F00E6F8A2 /* CoreTextUsage */ = {
			isa = PBXNativeTarget;
			buildConfigurationList = 115A7180243C146100E6F8A2 /* Build configuration list for PBXNativeTarget "CoreTextUsage" */;
			buildPhases = (
				115A714D243C145F00E6F8A2 /* Sources */,
				115A714E243C145F00E6F8A2 /* Frameworks */,
				115A714F243C145F00E6F8A2 /* Resources */,
			);
			buildRules = (
			);
			dependencies = (
			);
			name = CoreTextUsage;
			productName = CoreTextUsage;
			productReference = 115A7151243C145F00E6F8A2 /* CoreTextUsage.app */;
			productType = "com.apple.product-type.application";
		};
		115A716B243C146100E6F8A2 /* CoreTextUsageTests */ = {
			isa = PBXNativeTarget;
			buildConfigurationList = 115A7183243C146100E6F8A2 /* Build configuration list for PBXNativeTarget "CoreTextUsageTests" */;
			buildPhases = (
				115A7168243C146100E6F8A2 /* Sources */,
				115A7169243C146100E6F8A2 /* Frameworks */,
				115A716A243C146100E6F8A2 /* Resources */,
			);
			buildRules = (
			);
			dependencies = (
				115A716E243C146100E6F8A2 /* PBXTargetDependency */,
			);
			name = CoreTextUsageTests;
			productName = CoreTextUsageTests;
			productReference = 115A716C243C146100E6F8A2 /* CoreTextUsageTests.xctest */;
			productType = "com.apple.product-type.bundle.unit-test";
		};
		115A7176243C146100E6F8A2 /* CoreTextUsageUITests */ = {
			isa = PBXNativeTarget;
			buildConfigurationList = 115A7186243C146100E6F8A2 /* Build configuration list for PBXNativeTarget "CoreTextUsageUITests" */;
			buildPhases = (
				115A7173243C146100E6F8A2 /* Sources */,
				115A7174243C146100E6F8A2 /* Frameworks */,
				115A7175243C146100E6F8A2 /* Resources */,
			);
			buildRules = (
			);
			dependencies = (
				115A7179243C146100E6F8A2 /* PBXTargetDependency */,
			);
			name = CoreTextUsageUITests;
			productName = CoreTextUsageUITests;
			productReference = 115A7177243C146100E6F8A2 /* CoreTextUsageUITests.xctest */;
			productType = "com.apple.product-type.bundle.ui-testing";
		};
/* End PBXNativeTarget section */

/* Begin PBXProject section */
		115A7149243C145F00E6F8A2 /* Project object */ = {
			isa = PBXProject;
			attributes = {
				LastUpgradeCheck = 1130;
				ORGANIZATIONNAME = "tiger fly";
				TargetAttributes = {
					115A7150243C145F00E6F8A2 = {
						CreatedOnToolsVersion = 11.3.1;
					};
					115A716B243C146100E6F8A2 = {
						CreatedOnToolsVersion = 11.3.1;
						TestTargetID = 115A7150243C145F00E6F8A2;
					};
					115A7176243C146100E6F8A2 = {
						CreatedOnToolsVersion = 11.3.1;
						TestTargetID = 115A7150243C145F00E6F8A2;
					};
				};
			};
			buildConfigurationList = 115A714C243C145F00E6F8A2 /* Build configuration list for PBXProject "CoreTextUsage" */;
			compatibilityVersion = "Xcode 9.3";
			developmentRegion = en;
			hasScannedForEncodings = 0;
			knownRegions = (
				en,
				Base,
			);
			mainGroup = 115A7148243C145F00E6F8A2;
			productRefGroup = 115A7152243C145F00E6F8A2 /* Products */;
			projectDirPath = "";
			projectRoot = "";
			targets = (
				115A7150243C145F00E6F8A2 /* CoreTextUsage */,
				115A716B243C146100E6F8A2 /* CoreTextUsageTests */,
				115A7176243C146100E6F8A2 /* CoreTextUsageUITests */,
			);
		};
/* End PBXProject section */

/* Begin PBXResourcesBuildPhase section */
		115A714F243C145F00E6F8A2 /* Resources */ = {
			isa = PBXResourcesBuildPhase;
			buildActionMask = 2147483647;
			files = (
				115A7164243C146100E6F8A2 /* LaunchScreen.storyboard in Resources */,
				115A7161243C146100E6F8A2 /* Assets.xcassets in Resources */,
				115A715F243C145F00E6F8A2 /* Main.storyboard in Resources */,
			);
			runOnlyForDeploymentPostprocessing = 0;
		};
		115A716A243C146100E6F8A2 /* Resources */ = {
			isa = PBXResourcesBuildPhase;
			buildActionMask = 2147483647;
			files = (
			);
			runOnlyForDeploymentPostprocessing = 0;
		};
		115A7175243C146100E6F8A2 /* Resources */ = {
			isa = PBXResourcesBuildPhase;
			buildActionMask = 2147483647;
			files = (
			);
			runOnlyForDeploymentPostprocessing = 0;
		};
/* End PBXResourcesBuildPhase section */

/* Begin PBXSourcesBuildPhase section */
		115A714D243C145F00E6F8A2 /* Sources */ = {
			isa = PBXSourcesBuildPhase;
			buildActionMask = 2147483647;
			files = (
				115A715C243C145F00E6F8A2 /* ViewController.m in Sources */,
				115A7156243C145F00E6F8A2 /* AppDelegate.m in Sources */,
				115A7167243C146100E6F8A2 /* main.m in Sources */,
				115A7159243C145F00E6F8A2 /* SceneDelegate.m in Sources */,
			);
			runOnlyForDeploymentPostprocessing = 0;
		};
		115A7168243C146100E6F8A2 /* Sources */ = {
			isa = PBXSourcesBuildPhase;
			buildActionMask = 2147483647;
			files = (
				115A7171243C146100E6F8A2 /* CoreTextUsageTests.m in Sources */,
			);
			runOnlyForDeploymentPostprocessing = 0;
		};
		115A7173243C146100E6F8A2 /* Sources */ = {
			isa = PBXSourcesBuildPhase;
			buildActionMask = 2147483647;
			files = (
				115A717C243C146100E6F8A2 /* CoreTextUsageUITests.m in Sources */,
			);
			runOnlyForDeploymentPostprocessing = 0;
		};
/* End PBXSourcesBuildPhase section */

/* Begin PBXTargetDependency section */
		115A716E243C146100E6F8A2 /* PBXTargetDependency */ = {
			isa = PBXTargetDependency;
			target = 115A7150243C145F00E6F8A2 /* CoreTextUsage */;
			targetProxy = 115A716D243C146100E6F8A2 /* PBXContainerItemProxy */;
		};
		115A7179243C146100E6F8A2 /* PBXTargetDependency */ = {
			isa = PBXTargetDependency;
			target = 115A7150243C145F00E6F8A2 /* CoreTextUsage */;
			targetProxy = 115A7178243C146100E6F8A2 /* PBXContainerItemProxy */;
		};
/* End PBXTargetDependency section */

/* Begin PBXVariantGroup section */
		115A715D243C145F00E6F8A2 /* Main.storyboard */ = {
			isa = PBXVariantGroup;
			children = (
				115A715E243C145F00E6F8A2 /* Base */,
			);
			name = Main.storyboard;
			sourceTree = "<group>";
		};
		115A7162243C146100E6F8A2 /* LaunchScreen.storyboard */ = {
			isa = PBXVariantGroup;
			children = (
				115A7163243C146100E6F8A2 /* Base */,
			);
			name = LaunchScreen.storyboard;
			sourceTree = "<group>";
		};
/* End PBXVariantGroup section */

/* Begin XCBuildConfiguration section */
		115A717E243C146100E6F8A2 /* Debug */ = {
			isa = XCBuildConfiguration;
			buildSettings = {
				ALWAYS_SEARCH_USER_PATHS = NO;
				CLANG_ANALYZER_NONNULL = YES;
				CLANG_ANALYZER_NUMBER_OBJECT_CONVERSION = YES_AGGRESSIVE;
				CLANG_CXX_LANGUAGE_STANDARD = "gnu++14";
				CLANG_CXX_LIBRARY = "libc++";
				CLANG_ENABLE_MODULES = YES;
				CLANG_ENABLE_OBJC_ARC = YES;
				CLANG_ENABLE_OBJC_WEAK = YES;
				CLANG_WARN_BLOCK_CAPTURE_AUTORELEASING = YES;
				CLANG_WARN_BOOL_CONVERSION = YES;
				CLANG_WARN_COMMA = YES;
				CLANG_WARN_CONSTANT_CONVERSION = YES;
				CLANG_WARN_DEPRECATED_OBJC_IMPLEMENTATIONS = YES;
				CLANG_WARN_DIRECT_OBJC_ISA_USAGE = YES_ERROR;
				CLANG_WARN_DOCUMENTATION_COMMENTS = YES;
				CLANG_WARN_EMPTY_BODY = YES;
				CLANG_WARN_ENUM_CONVERSION = YES;
				CLANG_WARN_INFINITE_RECURSION = YES;
				CLANG_WARN_INT_CONVERSION = YES;
				CLANG_WARN_NON_LITERAL_NULL_CONVERSION = YES;
				CLANG_WARN_OBJC_IMPLICIT_RETAIN_SELF = YES;
				CLANG_WARN_OBJC_LITERAL_CONVERSION = YES;
				CLANG_WARN_OBJC_ROOT_CLASS = YES_ERROR;
				CLANG_WARN_RANGE_LOOP_ANALYSIS = YES;
				CLANG_WARN_STRICT_PROTOTYPES = YES;
				CLANG_WARN_SUSPICIOUS_MOVE = YES;
				CLANG_WARN_UNGUARDED_AVAILABILITY = YES_AGGRESSIVE;
				CLANG_WARN_UNREACHABLE_CODE = YES;
				CLANG_WARN__DUPLICATE_METHOD_MATCH = YES;
				COPY_PHASE_STRIP = NO;
				DEBUG_INFORMATION_FORMAT = dwarf;
				ENABLE_STRICT_OBJC_MSGSEND = YES;
				ENABLE_TESTABILITY = YES;
				GCC_C_LANGUAGE_STANDARD = gnu11;
				GCC_DYNAMIC_NO_PIC = NO;
				GCC_NO_COMMON_BLOCKS = YES;
				GCC_OPTIMIZATION_LEVEL = 0;
				GCC_PREPROCESSOR_DEFINITIONS = (
					"DEBUG=1",
					"$(inherited)",
				);
				GCC_WARN_64_TO_32_BIT_CONVERSION = YES;
				GCC_WARN_ABOUT_RETURN_TYPE = YES_ERROR;
				GCC_WARN_UNDECLARED_SELECTOR = YES;
				GCC_WARN_UNINITIALIZED_AUTOS = YES_AGGRESSIVE;
				GCC_WARN_UNUSED_FUNCTION = YES;
				GCC_WARN_UNUSED_VARIABLE = YES;
				IPHONEOS_DEPLOYMENT_TARGET = 13.2;
				MTL_ENABLE_DEBUG_INFO = INCLUDE_SOURCE;
				MTL_FAST_MATH = YES;
				ONLY_ACTIVE_ARCH = YES;
				SDKROOT = iphoneos;
			};
			name = Debug;
		};
		115A717F243C146100E6F8A2 /* Release */ = {
			isa = XCBuildConfiguration;
			buildSettings = {
				ALWAYS_SEARCH_USER_PATHS = NO;
				CLANG_ANALYZER_NONNULL = YES;
				CLANG_ANALYZER_NUMBER_OBJECT_CONVERSION = YES_AGGRESSIVE;
				CLANG_CXX_LANGUAGE_STANDARD = "gnu++14";
				CLANG_CXX_LIBRARY = "libc++";
				CLANG_ENABLE_MODULES = YES;
				CLANG_ENABLE_OBJC_ARC = YES;
				CLANG_ENABLE_OBJC_WEAK = YES;
				CLANG_WARN_BLOCK_CAPTURE_AUTORELEASING = YES;
				CLANG_WARN_BOOL_CONVERSION = YES;
				CLANG_WARN_COMMA = YES;
				CLANG_WARN_CONSTANT_CONVERSION = YES;
				CLANG_WARN_DEPRECATED_OBJC_IMPLEMENTATIONS = YES;
				CLANG_WARN_DIRECT_OBJC_ISA_USAGE = YES_ERROR;
				CLANG_WARN_DOCUMENTATION_COMMENTS = YES;
				CLANG_WARN_EMPTY_BODY = YES;
				CLANG_WARN_ENUM_CONVERSION = YES;
				CLANG_WARN_INFINITE_RECURSION = YES;
				CLANG_WARN_INT_CONVERSION = YES;
				CLANG_WARN_NON_LITERAL_NULL_CONVERSION = YES;
				CLANG_WARN_OBJC_IMPLICIT_RETAIN_SELF = YES;
				CLANG_WARN_OBJC_LITERAL_CONVERSION = YES;
				CLANG_WARN_OBJC_ROOT_CLASS = YES_ERROR;
				CLANG_WARN_RANGE_LOOP_ANALYSIS = YES;
				CLANG_WARN_STRICT_PROTOTYPES = YES;
				CLANG_WARN_SUSPICIOUS_MOVE = YES;
				CLANG_WARN_UNGUARDED_AVAILABILITY = YES_AGGRESSIVE;
				CLANG_WARN_UNREACHABLE_CODE = YES;
				CLANG_WARN__DUPLICATE_METHOD_MATCH = YES;
				COPY_PHASE_STRIP = NO;
				DEBUG_INFORMATION_FORMAT = "dwarf-with-dsym";
				ENABLE_NS_ASSERTIONS = NO;
				ENABLE_STRICT_OBJC_MSGSEND = YES;
				GCC_C_LANGUAGE_STANDARD = gnu11;
				GCC_NO_COMMON_BLOCKS = YES;
				GCC_WARN_64_TO_32_BIT_CONVERSION = YES;
				GCC_WARN_ABOUT_RETURN_TYPE = YES_ERROR;
				GCC_WARN_UNDECLARED_SELECTOR = YES;
				GCC_WARN_UNINITIALIZED_AUTOS = YES_AGGRESSIVE;
				GCC_WARN_UNUSED_FUNCTION = YES;
				GCC_WARN_UNUSED_VARIABLE = YES;
				IPHONEOS_DEPLOYMENT_TARGET = 13.2;
				MTL_ENABLE_DEBUG_INFO = NO;
				MTL_FAST_MATH = YES;
				SDKROOT = iphoneos;
				VALIDATE_PRODUCT = YES;
			};
			name = Release;
		};
		115A7181243C146100E6F8A2 /* Debug */ = {
			isa = XCBuildConfiguration;
			buildSettings = {
				ASSETCATALOG_COMPILER_APPICON_NAME = AppIcon;
				CODE_SIGN_STYLE = Automatic;
				DEVELOPMENT_TEAM = 962BW6QCNQ;
				INFOPLIST_FILE = CoreTextUsage/Info.plist;
				LD_RUNPATH_SEARCH_PATHS = (
					"$(inherited)",
					"@executable_path/Frameworks",
				);
				PRODUCT_BUNDLE_IDENTIFIER = com.fxw.CoreTextUsage;
				PRODUCT_NAME = "$(TARGET_NAME)";
				TARGETED_DEVICE_FAMILY = "1,2";
			};
			name = Debug;
		};
		115A7182243C146100E6F8A2 /* Release */ = {
			isa = XCBuildConfiguration;
			buildSettings = {
				ASSETCATALOG_COMPILER_APPICON_NAME = AppIcon;
				CODE_SIGN_STYLE = Automatic;
				DEVELOPMENT_TEAM = 962BW6QCNQ;
				INFOPLIST_FILE = CoreTextUsage/Info.plist;
				LD_RUNPATH_SEARCH_PATHS = (
					"$(inherited)",
					"@executable_path/Frameworks",
				);
				PRODUCT_BUNDLE_IDENTIFIER = com.fxw.CoreTextUsage;
				PRODUCT_NAME = "$(TARGET_NAME)";
				TARGETED_DEVICE_FAMILY = "1,2";
			};
			name = Release;
		};
		115A7184243C146100E6F8A2 /* Debug */ = {
			isa = XCBuildConfiguration;
			buildSettings = {
				BUNDLE_LOADER = "$(TEST_HOST)";
				CODE_SIGN_STYLE = Automatic;
				DEVELOPMENT_TEAM = 962BW6QCNQ;
				INFOPLIST_FILE = CoreTextUsageTests/Info.plist;
				IPHONEOS_DEPLOYMENT_TARGET = 13.2;
				LD_RUNPATH_SEARCH_PATHS = (
					"$(inherited)",
					"@executable_path/Frameworks",
					"@loader_path/Frameworks",
				);
				PRODUCT_BUNDLE_IDENTIFIER = com.fxw.CoreTextUsageTests;
				PRODUCT_NAME = "$(TARGET_NAME)";
				TARGETED_DEVICE_FAMILY = "1,2";
				TEST_HOST = "$(BUILT_PRODUCTS_DIR)/CoreTextUsage.app/CoreTextUsage";
			};
			name = Debug;
		};
		115A7185243C146100E6F8A2 /* Release */ = {
			isa = XCBuildConfiguration;
			buildSettings = {
				BUNDLE_LOADER = "$(TEST_HOST)";
				CODE_SIGN_STYLE = Automatic;
				DEVELOPMENT_TEAM = 962BW6QCNQ;
				INFOPLIST_FILE = CoreTextUsageTests/Info.plist;
				IPHONEOS_DEPLOYMENT_TARGET = 13.2;
				LD_RUNPATH_SEARCH_PATHS = (
					"$(inherited)",
					"@executable_path/Frameworks",
					"@loader_path/Frameworks",
				);
				PRODUCT_BUNDLE_IDENTIFIER = com.fxw.CoreTextUsageTests;
				PRODUCT_NAME = "$(TARGET_NAME)";
				TARGETED_DEVICE_FAMILY = "1,2";
				TEST_HOST = "$(BUILT_PRODUCTS_DIR)/CoreTextUsage.app/CoreTextUsage";
			};
			name = Release;
		};
		115A7187243C146100E6F8A2 /* Debug */ = {
			isa = XCBuildConfiguration;
			buildSettings = {
				CODE_SIGN_STYLE = Automatic;
				DEVELOPMENT_TEAM = 962BW6QCNQ;
				INFOPLIST_FILE = CoreTextUsageUITests/Info.plist;
				LD_RUNPATH_SEARCH_PATHS = (
					"$(inherited)",
					"@executable_path/Frameworks",
					"@loader_path/Frameworks",
				);
				PRODUCT_BUNDLE_IDENTIFIER = com.fxw.CoreTextUsageUITests;
				PRODUCT_NAME = "$(TARGET_NAME)";
				TARGETED_DEVICE_FAMILY = "1,2";
				TEST_TARGET_NAME = CoreTextUsage;
			};
			name = Debug;
		};
		115A7188243C146100E6F8A2 /* Release */ = {
			isa = XCBuildConfiguration;
			buildSettings = {
				CODE_SIGN_STYLE = Automatic;
				DEVELOPMENT_TEAM = 962BW6QCNQ;
				INFOPLIST_FILE = CoreTextUsageUITests/Info.plist;
				LD_RUNPATH_SEARCH_PATHS = (
					"$(inherited)",
					"@executable_path/Frameworks",
					"@loader_path/Frameworks",
				);
				PRODUCT_BUNDLE_IDENTIFIER = com.fxw.CoreTextUsageUITests;
				PRODUCT_NAME = "$(TARGET_NAME)";
				TARGETED_DEVICE_FAMILY = "1,2";
				TEST_TARGET_NAME = CoreTextUsage;
			};
			name = Release;
		};
/* End XCBuildConfiguration section */

/* Begin XCConfigurationList section */
		115A714C243C145F00E6F8A2 /* Build configuration list for PBXProject "CoreTextUsage" */ = {
			isa = XCConfigurationList;
			buildConfigurations = (
				115A717E243C146100E6F8A2 /* Debug */,
				115A717F243C146100E6F8A2 /* Release */,
			);
			defaultConfigurationIsVisible = 0;
			defaultConfigurationName = Release;
		};
		115A7180243C146100E6F8A2 /* Build configuration list for PBXNativeTarget "CoreTextUsage" */ = {
			isa = XCConfigurationList;
			buildConfigurations = (
				115A7181243C146100E6F8A2 /* Debug */,
				115A7182243C146100E6F8A2 /* Release */,
			);
			defaultConfigurationIsVisible = 0;
			defaultConfigurationName = Release;
		};
		115A7183243C146100E6F8A2 /* Build configuration list for PBXNativeTarget "CoreTextUsageTests" */ = {
			isa = XCConfigurationList;
			buildConfigurations = (
				115A7184243C146100E6F8A2 /* Debug */,
				115A7185243C146100E6F8A2 /* Release */,
			);
			defaultConfigurationIsVisible = 0;
			defaultConfigurationName = Release;
		};
		115A7186243C146100E6F8A2 /* Build configuration list for PBXNativeTarget "CoreTextUsageUITests" */ = {
			isa = XCConfigurationList;
			buildConfigurations = (
				115A7187243C146100E6F8A2 /* Debug */,
				115A7188243C146100E6F8A2 /* Release */,
			);
			defaultConfigurationIsVisible = 0;
			defaultConfigurationName = Release;
		};
/* End XCConfigurationList section */
	};
	rootObject = 115A7149243C145F00E6F8A2 /* Project object */;
}
